
Microsoft Visual Studio Solution File, Format Version 12.00
# Visual Studio 15
VisualStudioVersion = 15.0.27703.2000
MinimumVisualStudioVersion = 10.0.40219.1
Project("{FAE04EC0-301F-11D3-BF4B-00C04F79EFBC}") = "Sonic", "Sonic\Sonic.csproj", "{04694AFF-B9AD-497C-936E-DC2E65131A98}"
EndProject
Global
	GlobalSection(SolutionConfigurationPlatforms) = preSolution
		Debug|Any CPU = Debug|Any CPU
		Release|Any CPU = Release|Any CPU
	EndGlobalSection
	GlobalSection(ProjectConfigurationPlatforms) = postSolution
		{04694AFF-B9AD-497C-936E-DC2E65131A98}.Debug|Any CPU.ActiveCfg = Debug|Any CPU
		{04694AFF-B9AD-497C-936E-DC2E65131A98}.Debug|Any CPU.Build.0 = Debug|Any CPU
		{04694AFF-B9AD-497C-936E-DC2E65131A98}.Release|Any CPU.ActiveCfg = Release|Any CPU
		{04694AFF-B9AD-497C-936E-DC2E65131A98}.Release|Any CPU.Build.0 = Release|Any CPU
	EndGlobalSection
	GlobalSection(SolutionProperties) = preSolution
		HideSolutionNode = FALSE
	EndGlobalSection
	GlobalSection(ExtensibilityGlobals) = postSolution
		SolutionGuid = {AF1D2062-01E7-41A7-8CAC-93E96EF8B414}
	EndGlobalSection
EndGlobal
